{
    "_readme": [
        "This file locks the dependencies of your project to a known state",
        "Read more about it at https://getcomposer.org/doc/01-basic-usage.md#installing-dependencies",
        "This file is @generated automatically"
    ],
    "content-hash": "7a3822a436f61a5c4cdfa26ce166684a",
    "packages": [
        {
            "name": "php-util/autoload-search",
            "version": "dev-master",
            "source": {
                "type": "git",
                "url": "https://gitlab.com/php-util/autoload-search.git",
                "reference": "2ee28ea0d55928165f7a77a91a28c25ecd5d4b34"
            },
            "dist": {
                "type": "zip",
                "url": "https://gitlab.com/api/v4/projects/php-util%2Fautoload-search/repository/archive.zip?sha=2ee28ea0d55928165f7a77a91a28c25ecd5d4b34",
                "reference": "2ee28ea0d55928165f7a77a91a28c25ecd5d4b34",
                "shasum": ""
            },
            "bin": [
                "autoload-search.php"
            ],
            "type": "library",
            "notification-url": "https://packagist.org/downloads/",
            "license": [
                "MIT"
            ],
            "description": "Search for Composer vendor/autoload.php",
            "keywords": [
                "autoload.php",
                "cli",
                "composer",
                "snowyowl"
            ],
            "time": "2019-03-17T20:58:28+00:00"
        }
    ],
    "packages-dev": [],
    "aliases": [],
    "minimum-stability": "stable",
    "stability-flags": {
        "php-util/autoload-search": 20
    },
    "prefer-stable": false,
    "prefer-lowest": false,
    "platform": [],
    "platform-dev": []
}
